
Microsoft Visual Studio Solution File, Format Version 12.00
# Visual Studio Version 17
VisualStudioVersion = 17.14.36511.14 d17.14
MinimumVisualStudioVersion = 10.0.40219.1
Project("{FAE04EC0-301F-11D3-BF4B-00C04F79EFBC}") = "BookRazor", "BookRazor\BookRazor.csproj", "{D1BE5D9E-B58D-4A15-A062-744E7157E85C}"
EndProject
Global
	GlobalSection(SolutionConfigurationPlatforms) = preSolution
		Debug|Any CPU = Debug|Any CPU
		Release|Any CPU = Release|Any CPU
	EndGlobalSection
	GlobalSection(ProjectConfigurationPlatforms) = postSolution
		{D1BE5D9E-B58D-4A15-A062-744E7157E85C}.Debug|Any CPU.ActiveCfg = Debug|Any CPU
		{D1BE5D9E-B58D-4A15-A062-744E7157E85C}.Debug|Any CPU.Build.0 = Debug|Any CPU
		{D1BE5D9E-B58D-4A15-A062-744E7157E85C}.Release|Any CPU.ActiveCfg = Release|Any CPU
		{D1BE5D9E-B58D-4A15-A062-744E7157E85C}.Release|Any CPU.Build.0 = Release|Any CPU
	EndGlobalSection
	GlobalSection(SolutionProperties) = preSolution
		HideSolutionNode = FALSE
	EndGlobalSection
	GlobalSection(ExtensibilityGlobals) = postSolution
		SolutionGuid = {DDF42474-8DC3-4F24-A94A-5A07FEE4BE82}
	EndGlobalSection
EndGlobal
